// !$*UTF8*$!
{
	archiveVersion = 1;
	classes = {
	};
	objectVersion = 46;
	objects = {

/* Begin PBXBuildFile section */
		2439B7771AAA484000C257D4 /* AppDelegate.swift in Sources */ = {isa = PBXBuildFile; fileRef = 2439B7761AAA484000C257D4 /* AppDelegate.swift */; };
		2439B7791AAA484000C257D4 /* ViewController.swift in Sources */ = {isa = PBXBuildFile; fileRef = 2439B7781AAA484000C257D4 /* ViewController.swift */; };
		2439B77C1AAA484000C257D4 /* Main.storyboard in Resources */ = {isa = PBXBuildFile; fileRef = 2439B77A1AAA484000C257D4 /* Main.storyboard */; };
		2439B77E1AAA484000C257D4 /* Images.xcassets in Resources */ = {isa = PBXBuildFile; fileRef = 2439B77D1AAA484000C257D4 /* Images.xcassets */; };
		2439B7811AAA484000C257D4 /* LaunchScreen.xib in Resources */ = {isa = PBXBuildFile; fileRef = 2439B77F1AAA484000C257D4 /* LaunchScreen.xib */; };
		2439B78D1AAA484000C257D4 /* ProjectTests.swift in Sources */ = {isa = PBXBuildFile; fileRef = 2439B78C1AAA484000C257D4 /* ProjectTests.swift */; };
		2439B7971AAA484B00C257D4 /* JavaScriptCore.framework in Frameworks */ = {isa = PBXBuildFile; fileRef = 2439B7961AAA484B00C257D4 /* JavaScriptCore.framework */; };
		2439B79E1AAA4A5A00C257D4 /* JSContextExtension.swift in Sources */ = {isa = PBXBuildFile; fileRef = 2439B79D1AAA4A5A00C257D4 /* JSContextExtension.swift */; };
		2439B7A21AAA4ABF00C257D4 /* FileHelper.swift in Sources */ = {isa = PBXBuildFile; fileRef = 2439B7A11AAA4ABF00C257D4 /* FileHelper.swift */; };
		2439B7A51AAA521C00C257D4 /* main.js in Resources */ = {isa = PBXBuildFile; fileRef = 2439B7A41AAA521C00C257D4 /* main.js */; };
		2439B7A71AAA561F00C257D4 /* JavaScript.swift in Sources */ = {isa = PBXBuildFile; fileRef = 2439B7A61AAA561F00C257D4 /* JavaScript.swift */; };
/* End PBXBuildFile section */

/* Begin PBXContainerItemProxy section */
		2439B7871AAA484000C257D4 /* PBXContainerItemProxy */ = {
			isa = PBXContainerItemProxy;
			containerPortal = 2439B7691AAA484000C257D4 /* Project object */;
			proxyType = 1;
			remoteGlobalIDString = 2439B7701AAA484000C257D4;
			remoteInfo = Project;
		};
/* End PBXContainerItemProxy section */

/* Begin PBXFileReference section */
		2439B7711AAA484000C257D4 /* Project.app */ = {isa = PBXFileReference; explicitFileType = wrapper.application; includeInIndex = 0; path = Project.app; sourceTree = BUILT_PRODUCTS_DIR; };
		2439B7751AAA484000C257D4 /* Info.plist */ = {isa = PBXFileReference; lastKnownFileType = text.plist.xml; path = Info.plist; sourceTree = "<group>"; };
		2439B7761AAA484000C257D4 /* AppDelegate.swift */ = {isa = PBXFileReference; lastKnownFileType = sourcecode.swift; path = AppDelegate.swift; sourceTree = "<group>"; };
		2439B7781AAA484000C257D4 /* ViewController.swift */ = {isa = PBXFileReference; lastKnownFileType = sourcecode.swift; path = ViewController.swift; sourceTree = "<group>"; };
		2439B77B1AAA484000C257D4 /* Base */ = {isa = PBXFileReference; lastKnownFileType = file.storyboard; name = Base; path = Base.lproj/Main.storyboard; sourceTree = "<group>"; };
		2439B77D1AAA484000C257D4 /* Images.xcassets */ = {isa = PBXFileReference; lastKnownFileType = folder.assetcatalog; path = Images.xcassets; sourceTree = "<group>"; };
		2439B7801AAA484000C257D4 /* Base */ = {isa = PBXFileReference; lastKnownFileType = file.xib; name = Base; path = Base.lproj/LaunchScreen.xib; sourceTree = "<group>"; };
		2439B7861AAA484000C257D4 /* ProjectTests.xctest */ = {isa = PBXFileReference; explicitFileType = wrapper.cfbundle; includeInIndex = 0; path = ProjectTests.xctest; sourceTree = BUILT_PRODUCTS_DIR; };
		2439B78B1AAA484000C257D4 /* Info.plist */ = {isa = PBXFileReference; lastKnownFileType = text.plist.xml; path = Info.plist; sourceTree = "<group>"; };
		2439B78C1AAA484000C257D4 /* ProjectTests.swift */ = {isa = PBXFileReference; lastKnownFileType = sourcecode.swift; path = ProjectTests.swift; sourceTree = "<group>"; };
		2439B7961AAA484B00C257D4 /* JavaScriptCore.framework */ = {isa = PBXFileReference; lastKnownFileType = wrapper.framework; name = JavaScriptCore.framework; path = System/Library/Frameworks/JavaScriptCore.framework; sourceTree = SDKROOT; };
		2439B79D1AAA4A5A00C257D4 /* JSContextExtension.swift */ = {isa = PBXFileReference; lastKnownFileType = sourcecode.swift; name = JSContextExtension.swift; path = Extensions/JavaScriptCore/JSContextExtension.swift; sourceTree = "<group>"; };
		2439B7A11AAA4ABF00C257D4 /* FileHelper.swift */ = {isa = PBXFileReference; fileEncoding = 4; lastKnownFileType = sourcecode.swift; name = FileHelper.swift; path = Helpers/FileHelper.swift; sourceTree = "<group>"; };
		2439B7A41AAA521C00C257D4 /* main.js */ = {isa = PBXFileReference; fileEncoding = 4; lastKnownFileType = sourcecode.javascript; path = main.js; sourceTree = "<group>"; };
		2439B7A61AAA561F00C257D4 /* JavaScript.swift */ = {isa = PBXFileReference; fileEncoding = 4; lastKnownFileType = sourcecode.swift; path = JavaScript.swift; sourceTree = "<group>"; };
/* End PBXFileReference section */

/* Begin PBXFrameworksBuildPhase section */
		2439B76E1AAA484000C257D4 /* Frameworks */ = {
			isa = PBXFrameworksBuildPhase;
			buildActionMask = 2147483647;
			files = (
				2439B7971AAA484B00C257D4 /* JavaScriptCore.framework in Frameworks */,
			);
			runOnlyForDeploymentPostprocessing = 0;
		};
		2439B7831AAA484000C257D4 /* Frameworks */ = {
			isa = PBXFrameworksBuildPhase;
			buildActionMask = 2147483647;
			files = (
			);
			runOnlyForDeploymentPostprocessing = 0;
		};
/* End PBXFrameworksBuildPhase section */

/* Begin PBXGroup section */
		2439B7681AAA484000C257D4 = {
			isa = PBXGroup;
			children = (
				2439B7731AAA484000C257D4 /* Project */,
				2439B7891AAA484000C257D4 /* ProjectTests */,
				2439B7981AAA484F00C257D4 /* Frameworks */,
				2439B7721AAA484000C257D4 /* Products */,
			);
			sourceTree = "<group>";
		};
		2439B7721AAA484000C257D4 /* Products */ = {
			isa = PBXGroup;
			children = (
				2439B7711AAA484000C257D4 /* Project.app */,
				2439B7861AAA484000C257D4 /* ProjectTests.xctest */,
			);
			name = Products;
			sourceTree = "<group>";
		};
		2439B7731AAA484000C257D4 /* Project */ = {
			isa = PBXGroup;
			children = (
				2439B7761AAA484000C257D4 /* AppDelegate.swift */,
				2439B7781AAA484000C257D4 /* ViewController.swift */,
				2439B7A61AAA561F00C257D4 /* JavaScript.swift */,
				2439B7A41AAA521C00C257D4 /* main.js */,
				2439B79F1AAA4A7100C257D4 /* Extensions */,
				2439B7A31AAA4AC500C257D4 /* Helpers */,
				2439B77A1AAA484000C257D4 /* Main.storyboard */,
				2439B77D1AAA484000C257D4 /* Images.xcassets */,
				2439B77F1AAA484000C257D4 /* LaunchScreen.xib */,
				2439B7741AAA484000C257D4 /* Supporting Files */,
			);
			path = Project;
			sourceTree = "<group>";
		};
		2439B7741AAA484000C257D4 /* Supporting Files */ = {
			isa = PBXGroup;
			children = (
				2439B7751AAA484000C257D4 /* Info.plist */,
			);
			name = "Supporting Files";
			sourceTree = "<group>";
		};
		2439B7891AAA484000C257D4 /* ProjectTests */ = {
			isa = PBXGroup;
			children = (
				2439B78C1AAA484000C257D4 /* ProjectTests.swift */,
				2439B78A1AAA484000C257D4 /* Supporting Files */,
			);
			path = ProjectTests;
			sourceTree = "<group>";
		};
		2439B78A1AAA484000C257D4 /* Supporting Files */ = {
			isa = PBXGroup;
			children = (
				2439B78B1AAA484000C257D4 /* Info.plist */,
			);
			name = "Supporting Files";
			sourceTree = "<group>";
		};
		2439B7981AAA484F00C257D4 /* Frameworks */ = {
			isa = PBXGroup;
			children = (
				2439B7961AAA484B00C257D4 /* JavaScriptCore.framework */,
			);
			name = Frameworks;
			sourceTree = "<group>";
		};
		2439B79F1AAA4A7100C257D4 /* Extensions */ = {
			isa = PBXGroup;
			children = (
				2439B7A01AAA4A7B00C257D4 /* JavaScriptCore */,
			);
			name = Extensions;
			sourceTree = "<group>";
		};
		2439B7A01AAA4A7B00C257D4 /* JavaScriptCore */ = {
			isa = PBXGroup;
			children = (
				2439B79D1AAA4A5A00C257D4 /* JSContextExtension.swift */,
			);
			name = JavaScriptCore;
			sourceTree = "<group>";
		};
		2439B7A31AAA4AC500C257D4 /* Helpers */ = {
			isa = PBXGroup;
			children = (
				2439B7A11AAA4ABF00C257D4 /* FileHelper.swift */,
			);
			name = Helpers;
			sourceTree = "<group>";
		};
/* End PBXGroup section */

/* Begin PBXNativeTarget section */
		2439B7701AAA484000C257D4 /* Project */ = {
			isa = PBXNativeTarget;
			buildConfigurationList = 2439B7901AAA484000C257D4 /* Build configuration list for PBXNativeTarget "Project" */;
			buildPhases = (
				2439B76D1AAA484000C257D4 /* Sources */,
				2439B76E1AAA484000C257D4 /* Frameworks */,
				2439B76F1AAA484000C257D4 /* Resources */,
			);
			buildRules = (
			);
			dependencies = (
			);
			name = Project;
			productName = Project;
			productReference = 2439B7711AAA484000C257D4 /* Project.app */;
			productType = "com.apple.product-type.application";
		};
		2439B7851AAA484000C257D4 /* ProjectTests */ = {
			isa = PBXNativeTarget;
			buildConfigurationList = 2439B7931AAA484000C257D4 /* Build configuration list for PBXNativeTarget "ProjectTests" */;
			buildPhases = (
				2439B7821AAA484000C257D4 /* Sources */,
				2439B7831AAA484000C257D4 /* Frameworks */,
				2439B7841AAA484000C257D4 /* Resources */,
			);
			buildRules = (
			);
			dependencies = (
				2439B7881AAA484000C257D4 /* PBXTargetDependency */,
			);
			name = ProjectTests;
			productName = ProjectTests;
			productReference = 2439B7861AAA484000C257D4 /* ProjectTests.xctest */;
			productType = "com.apple.product-type.bundle.unit-test";
		};
/* End PBXNativeTarget section */

/* Begin PBXProject section */
		2439B7691AAA484000C257D4 /* Project object */ = {
			isa = PBXProject;
			attributes = {
				LastUpgradeCheck = 0610;
				ORGANIZATIONNAME = "Vinicius Vendramini";
				TargetAttributes = {
					2439B7701AAA484000C257D4 = {
						CreatedOnToolsVersion = 6.1.1;
					};
					2439B7851AAA484000C257D4 = {
						CreatedOnToolsVersion = 6.1.1;
						TestTargetID = 2439B7701AAA484000C257D4;
					};
				};
			};
			buildConfigurationList = 2439B76C1AAA484000C257D4 /* Build configuration list for PBXProject "Project" */;
			compatibilityVersion = "Xcode 3.2";
			developmentRegion = English;
			hasScannedForEncodings = 0;
			knownRegions = (
				en,
				Base,
			);
			mainGroup = 2439B7681AAA484000C257D4;
			productRefGroup = 2439B7721AAA484000C257D4 /* Products */;
			projectDirPath = "";
			projectRoot = "";
			targets = (
				2439B7701AAA484000C257D4 /* Project */,
				2439B7851AAA484000C257D4 /* ProjectTests */,
			);
		};
/* End PBXProject section */

/* Begin PBXResourcesBuildPhase section */
		2439B76F1AAA484000C257D4 /* Resources */ = {
			isa = PBXResourcesBuildPhase;
			buildActionMask = 2147483647;
			files = (
				2439B77C1AAA484000C257D4 /* Main.storyboard in Resources */,
				2439B7811AAA484000C257D4 /* LaunchScreen.xib in Resources */,
				2439B77E1AAA484000C257D4 /* Images.xcassets in Resources */,
				2439B7A51AAA521C00C257D4 /* main.js in Resources */,
			);
			runOnlyForDeploymentPostprocessing = 0;
		};
		2439B7841AAA484000C257D4 /* Resources */ = {
			isa = PBXResourcesBuildPhase;
			buildActionMask = 2147483647;
			files = (
			);
			runOnlyForDeploymentPostprocessing = 0;
		};
/* End PBXResourcesBuildPhase section */

/* Begin PBXSourcesBuildPhase section */
		2439B76D1AAA484000C257D4 /* Sources */ = {
			isa = PBXSourcesBuildPhase;
			buildActionMask = 2147483647;
			files = (
				2439B7791AAA484000C257D4 /* ViewController.swift in Sources */,
				2439B7A71AAA561F00C257D4 /* JavaScript.swift in Sources */,
				2439B7771AAA484000C257D4 /* AppDelegate.swift in Sources */,
				2439B79E1AAA4A5A00C257D4 /* JSContextExtension.swift in Sources */,
				2439B7A21AAA4ABF00C257D4 /* FileHelper.swift in Sources */,
			);
			runOnlyForDeploymentPostprocessing = 0;
		};
		2439B7821AAA484000C257D4 /* Sources */ = {
			isa = PBXSourcesBuildPhase;
			buildActionMask = 2147483647;
			files = (
				2439B78D1AAA484000C257D4 /* ProjectTests.swift in Sources */,
			);
			runOnlyForDeploymentPostprocessing = 0;
		};
/* End PBXSourcesBuildPhase section */

/* Begin PBXTargetDependency section */
		2439B7881AAA484000C257D4 /* PBXTargetDependency */ = {
			isa = PBXTargetDependency;
			target = 2439B7701AAA484000C257D4 /* Project */;
			targetProxy = 2439B7871AAA484000C257D4 /* PBXContainerItemProxy */;
		};
/* End PBXTargetDependency section */

/* Begin PBXVariantGroup section */
		2439B77A1AAA484000C257D4 /* Main.storyboard */ = {
			isa = PBXVariantGroup;
			children = (
				2439B77B1AAA484000C257D4 /* Base */,
			);
			name = Main.storyboard;
			sourceTree = "<group>";
		};
		2439B77F1AAA484000C257D4 /* LaunchScreen.xib */ = {
			isa = PBXVariantGroup;
			children = (
				2439B7801AAA484000C257D4 /* Base */,
			);
			name = LaunchScreen.xib;
			sourceTree = "<group>";
		};
/* End PBXVariantGroup section */

/* Begin XCBuildConfiguration section */
		2439B78E1AAA484000C257D4 /* Debug */ = {
			isa = XCBuildConfiguration;
			buildSettings = {
				ALWAYS_SEARCH_USER_PATHS = NO;
				CLANG_CXX_LANGUAGE_STANDARD = "gnu++0x";
				CLANG_CXX_LIBRARY = "libc++";
				CLANG_ENABLE_MODULES = YES;
				CLANG_ENABLE_OBJC_ARC = YES;
				CLANG_WARN_BOOL_CONVERSION = YES;
				CLANG_WARN_CONSTANT_CONVERSION = YES;
				CLANG_WARN_DIRECT_OBJC_ISA_USAGE = YES_ERROR;
				CLANG_WARN_EMPTY_BODY = YES;
				CLANG_WARN_ENUM_CONVERSION = YES;
				CLANG_WARN_INT_CONVERSION = YES;
				CLANG_WARN_OBJC_ROOT_CLASS = YES_ERROR;
				CLANG_WARN_UNREACHABLE_CODE = YES;
				CLANG_WARN__DUPLICATE_METHOD_MATCH = YES;
				"CODE_SIGN_IDENTITY[sdk=iphoneos*]" = "iPhone Developer";
				COPY_PHASE_STRIP = NO;
				ENABLE_STRICT_OBJC_MSGSEND = YES;
				GCC_C_LANGUAGE_STANDARD = gnu99;
				GCC_DYNAMIC_NO_PIC = NO;
				GCC_OPTIMIZATION_LEVEL = 0;
				GCC_PREPROCESSOR_DEFINITIONS = (
					"DEBUG=1",
					"$(inherited)",
				);
				GCC_SYMBOLS_PRIVATE_EXTERN = NO;
				GCC_WARN_64_TO_32_BIT_CONVERSION = YES;
				GCC_WARN_ABOUT_RETURN_TYPE = YES_ERROR;
				GCC_WARN_UNDECLARED_SELECTOR = YES;
				GCC_WARN_UNINITIALIZED_AUTOS = YES_AGGRESSIVE;
				GCC_WARN_UNUSED_FUNCTION = YES;
				GCC_WARN_UNUSED_VARIABLE = YES;
				IPHONEOS_DEPLOYMENT_TARGET = 8.1;
				MTL_ENABLE_DEBUG_INFO = YES;
				ONLY_ACTIVE_ARCH = YES;
				SDKROOT = iphoneos;
				SWIFT_OPTIMIZATION_LEVEL = "-Onone";
				TARGETED_DEVICE_FAMILY = "1,2";
			};
			name = Debug;
		};
		2439B78F1AAA484000C257D4 /* Release */ = {
			isa = XCBuildConfiguration;
			buildSettings = {
				ALWAYS_SEARCH_USER_PATHS = NO;
				CLANG_CXX_LANGUAGE_STANDARD = "gnu++0x";
				CLANG_CXX_LIBRARY = "libc++";
				CLANG_ENABLE_MODULES = YES;
				CLANG_ENABLE_OBJC_ARC = YES;
				CLANG_WARN_BOOL_CONVERSION = YES;
				CLANG_WARN_CONSTANT_CONVERSION = YES;
				CLANG_WARN_DIRECT_OBJC_ISA_USAGE = YES_ERROR;
				CLANG_WARN_EMPTY_BODY = YES;
				CLANG_WARN_ENUM_CONVERSION = YES;
				CLANG_WARN_INT_CONVERSION = YES;
				CLANG_WARN_OBJC_ROOT_CLASS = YES_ERROR;
				CLANG_WARN_UNREACHABLE_CODE = YES;
				CLANG_WARN__DUPLICATE_METHOD_MATCH = YES;
				"CODE_SIGN_IDENTITY[sdk=iphoneos*]" = "iPhone Developer";
				COPY_PHASE_STRIP = YES;
				ENABLE_NS_ASSERTIONS = NO;
				ENABLE_STRICT_OBJC_MSGSEND = YES;
				GCC_C_LANGUAGE_STANDARD = gnu99;
				GCC_WARN_64_TO_32_BIT_CONVERSION = YES;
				GCC_WARN_ABOUT_RETURN_TYPE = YES_ERROR;
				GCC_WARN_UNDECLARED_SELECTOR = YES;
				GCC_WARN_UNINITIALIZED_AUTOS = YES_AGGRESSIVE;
				GCC_WARN_UNUSED_FUNCTION = YES;
				GCC_WARN_UNUSED_VARIABLE = YES;
				IPHONEOS_DEPLOYMENT_TARGET = 8.1;
				MTL_ENABLE_DEBUG_INFO = NO;
				SDKROOT = iphoneos;
				TARGETED_DEVICE_FAMILY = "1,2";
				VALIDATE_PRODUCT = YES;
			};
			name = Release;
		};
		2439B7911AAA484000C257D4 /* Debug */ = {
			isa = XCBuildConfiguration;
			buildSettings = {
				ASSETCATALOG_COMPILER_APPICON_NAME = AppIcon;
				INFOPLIST_FILE = Project/Info.plist;
				LD_RUNPATH_SEARCH_PATHS = "$(inherited) @executable_path/Frameworks";
				PRODUCT_NAME = "$(TARGET_NAME)";
			};
			name = Debug;
		};
		2439B7921AAA484000C257D4 /* Release */ = {
			isa = XCBuildConfiguration;
			buildSettings = {
				ASSETCATALOG_COMPILER_APPICON_NAME = AppIcon;
				INFOPLIST_FILE = Project/Info.plist;
				LD_RUNPATH_SEARCH_PATHS = "$(inherited) @executable_path/Frameworks";
				PRODUCT_NAME = "$(TARGET_NAME)";
			};
			name = Release;
		};
		2439B7941AAA484000C257D4 /* Debug */ = {
			isa = XCBuildConfiguration;
			buildSettings = {
				BUNDLE_LOADER = "$(TEST_HOST)";
				FRAMEWORK_SEARCH_PATHS = (
					"$(SDKROOT)/Developer/Library/Frameworks",
					"$(inherited)",
				);
				GCC_PREPROCESSOR_DEFINITIONS = (
					"DEBUG=1",
					"$(inherited)",
				);
				INFOPLIST_FILE = ProjectTests/Info.plist;
				LD_RUNPATH_SEARCH_PATHS = "$(inherited) @executable_path/Frameworks @loader_path/Frameworks";
				PRODUCT_NAME = "$(TARGET_NAME)";
				TEST_HOST = "$(BUILT_PRODUCTS_DIR)/Project.app/Project";
			};
			name = Debug;
		};
		2439B7951AAA484000C257D4 /* Release */ = {
			isa = XCBuildConfiguration;
			buildSettings = {
				BUNDLE_LOADER = "$(TEST_HOST)";
				FRAMEWORK_SEARCH_PATHS = (
					"$(SDKROOT)/Developer/Library/Frameworks",
					"$(inherited)",
				);
				INFOPLIST_FILE = ProjectTests/Info.plist;
				LD_RUNPATH_SEARCH_PATHS = "$(inherited) @executable_path/Frameworks @loader_path/Frameworks";
				PRODUCT_NAME = "$(TARGET_NAME)";
				TEST_HOST = "$(BUILT_PRODUCTS_DIR)/Project.app/Project";
			};
			name = Release;
		};
/* End XCBuildConfiguration section */

/* Begin XCConfigurationList section */
		2439B76C1AAA484000C257D4 /* Build configuration list for PBXProject "Project" */ = {
			isa = XCConfigurationList;
			buildConfigurations = (
				2439B78E1AAA484000C257D4 /* Debug */,
				2439B78F1AAA484000C257D4 /* Release */,
			);
			defaultConfigurationIsVisible = 0;
			defaultConfigurationName = Release;
		};
		2439B7901AAA484000C257D4 /* Build configuration list for PBXNativeTarget "Project" */ = {
			isa = XCConfigurationList;
			buildConfigurations = (
				2439B7911AAA484000C257D4 /* Debug */,
				2439B7921AAA484000C257D4 /* Release */,
			);
			defaultConfigurationIsVisible = 0;
		};
		2439B7931AAA484000C257D4 /* Build configuration list for PBXNativeTarget "ProjectTests" */ = {
			isa = XCConfigurationList;
			buildConfigurations = (
				2439B7941AAA484000C257D4 /* Debug */,
				2439B7951AAA484000C257D4 /* Release */,
			);
			defaultConfigurationIsVisible = 0;
		};
/* End XCConfigurationList section */
	};
	rootObject = 2439B7691AAA484000C257D4 /* Project object */;
}
