// !$*UTF8*$!
{
	archiveVersion = 1;
	classes = {
	};
	objectVersion = 46;
	objects = {

/* Begin PBXBuildFile section */
		245ACECD1AA9DE5600D0BD13 /* AppDelegate.swift in Sources */ = {isa = PBXBuildFile; fileRef = 245ACECC1AA9DE5600D0BD13 /* AppDelegate.swift */; };
		245ACECF1AA9DE5600D0BD13 /* ViewController.swift in Sources */ = {isa = PBXBuildFile; fileRef = 245ACECE1AA9DE5600D0BD13 /* ViewController.swift */; };
		245ACED21AA9DE5600D0BD13 /* Main.storyboard in Resources */ = {isa = PBXBuildFile; fileRef = 245ACED01AA9DE5600D0BD13 /* Main.storyboard */; };
		245ACED41AA9DE5600D0BD13 /* Images.xcassets in Resources */ = {isa = PBXBuildFile; fileRef = 245ACED31AA9DE5600D0BD13 /* Images.xcassets */; };
		245ACED71AA9DE5600D0BD13 /* LaunchScreen.xib in Resources */ = {isa = PBXBuildFile; fileRef = 245ACED51AA9DE5600D0BD13 /* LaunchScreen.xib */; };
		245ACEE31AA9DE5600D0BD13 /* ProjectTests.swift in Sources */ = {isa = PBXBuildFile; fileRef = 245ACEE21AA9DE5600D0BD13 /* ProjectTests.swift */; };
		245ACEED1AA9DE6900D0BD13 /* JavaScriptCore.framework in Frameworks */ = {isa = PBXBuildFile; fileRef = 245ACEEC1AA9DE6900D0BD13 /* JavaScriptCore.framework */; };
/* End PBXBuildFile section */

/* Begin PBXContainerItemProxy section */
		245ACEDD1AA9DE5600D0BD13 /* PBXContainerItemProxy */ = {
			isa = PBXContainerItemProxy;
			containerPortal = 245ACEBF1AA9DE5600D0BD13 /* Project object */;
			proxyType = 1;
			remoteGlobalIDString = 245ACEC61AA9DE5600D0BD13;
			remoteInfo = Project;
		};
/* End PBXContainerItemProxy section */

/* Begin PBXFileReference section */
		245ACEC71AA9DE5600D0BD13 /* Project.app */ = {isa = PBXFileReference; explicitFileType = wrapper.application; includeInIndex = 0; path = Project.app; sourceTree = BUILT_PRODUCTS_DIR; };
		245ACECB1AA9DE5600D0BD13 /* Info.plist */ = {isa = PBXFileReference; lastKnownFileType = text.plist.xml; path = Info.plist; sourceTree = "<group>"; };
		245ACECC1AA9DE5600D0BD13 /* AppDelegate.swift */ = {isa = PBXFileReference; lastKnownFileType = sourcecode.swift; path = AppDelegate.swift; sourceTree = "<group>"; };
		245ACECE1AA9DE5600D0BD13 /* ViewController.swift */ = {isa = PBXFileReference; lastKnownFileType = sourcecode.swift; path = ViewController.swift; sourceTree = "<group>"; };
		245ACED11AA9DE5600D0BD13 /* Base */ = {isa = PBXFileReference; lastKnownFileType = file.storyboard; name = Base; path = Base.lproj/Main.storyboard; sourceTree = "<group>"; };
		245ACED31AA9DE5600D0BD13 /* Images.xcassets */ = {isa = PBXFileReference; lastKnownFileType = folder.assetcatalog; path = Images.xcassets; sourceTree = "<group>"; };
		245ACED61AA9DE5600D0BD13 /* Base */ = {isa = PBXFileReference; lastKnownFileType = file.xib; name = Base; path = Base.lproj/LaunchScreen.xib; sourceTree = "<group>"; };
		245ACEDC1AA9DE5600D0BD13 /* ProjectTests.xctest */ = {isa = PBXFileReference; explicitFileType = wrapper.cfbundle; includeInIndex = 0; path = ProjectTests.xctest; sourceTree = BUILT_PRODUCTS_DIR; };
		245ACEE11AA9DE5600D0BD13 /* Info.plist */ = {isa = PBXFileReference; lastKnownFileType = text.plist.xml; path = Info.plist; sourceTree = "<group>"; };
		245ACEE21AA9DE5600D0BD13 /* ProjectTests.swift */ = {isa = PBXFileReference; lastKnownFileType = sourcecode.swift; path = ProjectTests.swift; sourceTree = "<group>"; };
		245ACEEC1AA9DE6900D0BD13 /* JavaScriptCore.framework */ = {isa = PBXFileReference; lastKnownFileType = wrapper.framework; name = JavaScriptCore.framework; path = System/Library/Frameworks/JavaScriptCore.framework; sourceTree = SDKROOT; };
/* End PBXFileReference section */

/* Begin PBXFrameworksBuildPhase section */
		245ACEC41AA9DE5600D0BD13 /* Frameworks */ = {
			isa = PBXFrameworksBuildPhase;
			buildActionMask = 2147483647;
			files = (
				245ACEED1AA9DE6900D0BD13 /* JavaScriptCore.framework in Frameworks */,
			);
			runOnlyForDeploymentPostprocessing = 0;
		};
		245ACED91AA9DE5600D0BD13 /* Frameworks */ = {
			isa = PBXFrameworksBuildPhase;
			buildActionMask = 2147483647;
			files = (
			);
			runOnlyForDeploymentPostprocessing = 0;
		};
/* End PBXFrameworksBuildPhase section */

/* Begin PBXGroup section */
		245ACEBE1AA9DE5600D0BD13 = {
			isa = PBXGroup;
			children = (
				245ACEC91AA9DE5600D0BD13 /* Project */,
				245ACEDF1AA9DE5600D0BD13 /* ProjectTests */,
				245ACEEE1AA9DE6E00D0BD13 /* Frameworks */,
				245ACEC81AA9DE5600D0BD13 /* Products */,
			);
			sourceTree = "<group>";
		};
		245ACEC81AA9DE5600D0BD13 /* Products */ = {
			isa = PBXGroup;
			children = (
				245ACEC71AA9DE5600D0BD13 /* Project.app */,
				245ACEDC1AA9DE5600D0BD13 /* ProjectTests.xctest */,
			);
			name = Products;
			sourceTree = "<group>";
		};
		245ACEC91AA9DE5600D0BD13 /* Project */ = {
			isa = PBXGroup;
			children = (
				245ACECC1AA9DE5600D0BD13 /* AppDelegate.swift */,
				245ACECE1AA9DE5600D0BD13 /* ViewController.swift */,
				245ACED01AA9DE5600D0BD13 /* Main.storyboard */,
				245ACED31AA9DE5600D0BD13 /* Images.xcassets */,
				245ACED51AA9DE5600D0BD13 /* LaunchScreen.xib */,
				245ACECA1AA9DE5600D0BD13 /* Supporting Files */,
			);
			path = Project;
			sourceTree = "<group>";
		};
		245ACECA1AA9DE5600D0BD13 /* Supporting Files */ = {
			isa = PBXGroup;
			children = (
				245ACECB1AA9DE5600D0BD13 /* Info.plist */,
			);
			name = "Supporting Files";
			sourceTree = "<group>";
		};
		245ACEDF1AA9DE5600D0BD13 /* ProjectTests */ = {
			isa = PBXGroup;
			children = (
				245ACEE21AA9DE5600D0BD13 /* ProjectTests.swift */,
				245ACEE01AA9DE5600D0BD13 /* Supporting Files */,
			);
			path = ProjectTests;
			sourceTree = "<group>";
		};
		245ACEE01AA9DE5600D0BD13 /* Supporting Files */ = {
			isa = PBXGroup;
			children = (
				245ACEE11AA9DE5600D0BD13 /* Info.plist */,
			);
			name = "Supporting Files";
			sourceTree = "<group>";
		};
		245ACEEE1AA9DE6E00D0BD13 /* Frameworks */ = {
			isa = PBXGroup;
			children = (
				245ACEEC1AA9DE6900D0BD13 /* JavaScriptCore.framework */,
			);
			name = Frameworks;
			sourceTree = "<group>";
		};
/* End PBXGroup section */

/* Begin PBXNativeTarget section */
		245ACEC61AA9DE5600D0BD13 /* Project */ = {
			isa = PBXNativeTarget;
			buildConfigurationList = 245ACEE61AA9DE5600D0BD13 /* Build configuration list for PBXNativeTarget "Project" */;
			buildPhases = (
				245ACEC31AA9DE5600D0BD13 /* Sources */,
				245ACEC41AA9DE5600D0BD13 /* Frameworks */,
				245ACEC51AA9DE5600D0BD13 /* Resources */,
			);
			buildRules = (
			);
			dependencies = (
			);
			name = Project;
			productName = Project;
			productReference = 245ACEC71AA9DE5600D0BD13 /* Project.app */;
			productType = "com.apple.product-type.application";
		};
		245ACEDB1AA9DE5600D0BD13 /* ProjectTests */ = {
			isa = PBXNativeTarget;
			buildConfigurationList = 245ACEE91AA9DE5600D0BD13 /* Build configuration list for PBXNativeTarget "ProjectTests" */;
			buildPhases = (
				245ACED81AA9DE5600D0BD13 /* Sources */,
				245ACED91AA9DE5600D0BD13 /* Frameworks */,
				245ACEDA1AA9DE5600D0BD13 /* Resources */,
			);
			buildRules = (
			);
			dependencies = (
				245ACEDE1AA9DE5600D0BD13 /* PBXTargetDependency */,
			);
			name = ProjectTests;
			productName = ProjectTests;
			productReference = 245ACEDC1AA9DE5600D0BD13 /* ProjectTests.xctest */;
			productType = "com.apple.product-type.bundle.unit-test";
		};
/* End PBXNativeTarget section */

/* Begin PBXProject section */
		245ACEBF1AA9DE5600D0BD13 /* Project object */ = {
			isa = PBXProject;
			attributes = {
				LastUpgradeCheck = 0610;
				ORGANIZATIONNAME = "Vinicius Vendramini";
				TargetAttributes = {
					245ACEC61AA9DE5600D0BD13 = {
						CreatedOnToolsVersion = 6.1.1;
					};
					245ACEDB1AA9DE5600D0BD13 = {
						CreatedOnToolsVersion = 6.1.1;
						TestTargetID = 245ACEC61AA9DE5600D0BD13;
					};
				};
			};
			buildConfigurationList = 245ACEC21AA9DE5600D0BD13 /* Build configuration list for PBXProject "Project" */;
			compatibilityVersion = "Xcode 3.2";
			developmentRegion = English;
			hasScannedForEncodings = 0;
			knownRegions = (
				en,
				Base,
			);
			mainGroup = 245ACEBE1AA9DE5600D0BD13;
			productRefGroup = 245ACEC81AA9DE5600D0BD13 /* Products */;
			projectDirPath = "";
			projectRoot = "";
			targets = (
				245ACEC61AA9DE5600D0BD13 /* Project */,
				245ACEDB1AA9DE5600D0BD13 /* ProjectTests */,
			);
		};
/* End PBXProject section */

/* Begin PBXResourcesBuildPhase section */
		245ACEC51AA9DE5600D0BD13 /* Resources */ = {
			isa = PBXResourcesBuildPhase;
			buildActionMask = 2147483647;
			files = (
				245ACED21AA9DE5600D0BD13 /* Main.storyboard in Resources */,
				245ACED71AA9DE5600D0BD13 /* LaunchScreen.xib in Resources */,
				245ACED41AA9DE5600D0BD13 /* Images.xcassets in Resources */,
			);
			runOnlyForDeploymentPostprocessing = 0;
		};
		245ACEDA1AA9DE5600D0BD13 /* Resources */ = {
			isa = PBXResourcesBuildPhase;
			buildActionMask = 2147483647;
			files = (
			);
			runOnlyForDeploymentPostprocessing = 0;
		};
/* End PBXResourcesBuildPhase section */

/* Begin PBXSourcesBuildPhase section */
		245ACEC31AA9DE5600D0BD13 /* Sources */ = {
			isa = PBXSourcesBuildPhase;
			buildActionMask = 2147483647;
			files = (
				245ACECF1AA9DE5600D0BD13 /* ViewController.swift in Sources */,
				245ACECD1AA9DE5600D0BD13 /* AppDelegate.swift in Sources */,
			);
			runOnlyForDeploymentPostprocessing = 0;
		};
		245ACED81AA9DE5600D0BD13 /* Sources */ = {
			isa = PBXSourcesBuildPhase;
			buildActionMask = 2147483647;
			files = (
				245ACEE31AA9DE5600D0BD13 /* ProjectTests.swift in Sources */,
			);
			runOnlyForDeploymentPostprocessing = 0;
		};
/* End PBXSourcesBuildPhase section */

/* Begin PBXTargetDependency section */
		245ACEDE1AA9DE5600D0BD13 /* PBXTargetDependency */ = {
			isa = PBXTargetDependency;
			target = 245ACEC61AA9DE5600D0BD13 /* Project */;
			targetProxy = 245ACEDD1AA9DE5600D0BD13 /* PBXContainerItemProxy */;
		};
/* End PBXTargetDependency section */

/* Begin PBXVariantGroup section */
		245ACED01AA9DE5600D0BD13 /* Main.storyboard */ = {
			isa = PBXVariantGroup;
			children = (
				245ACED11AA9DE5600D0BD13 /* Base */,
			);
			name = Main.storyboard;
			sourceTree = "<group>";
		};
		245ACED51AA9DE5600D0BD13 /* LaunchScreen.xib */ = {
			isa = PBXVariantGroup;
			children = (
				245ACED61AA9DE5600D0BD13 /* Base */,
			);
			name = LaunchScreen.xib;
			sourceTree = "<group>";
		};
/* End PBXVariantGroup section */

/* Begin XCBuildConfiguration section */
		245ACEE41AA9DE5600D0BD13 /* Debug */ = {
			isa = XCBuildConfiguration;
			buildSettings = {
				ALWAYS_SEARCH_USER_PATHS = NO;
				CLANG_CXX_LANGUAGE_STANDARD = "gnu++0x";
				CLANG_CXX_LIBRARY = "libc++";
				CLANG_ENABLE_MODULES = YES;
				CLANG_ENABLE_OBJC_ARC = YES;
				CLANG_WARN_BOOL_CONVERSION = YES;
				CLANG_WARN_CONSTANT_CONVERSION = YES;
				CLANG_WARN_DIRECT_OBJC_ISA_USAGE = YES_ERROR;
				CLANG_WARN_EMPTY_BODY = YES;
				CLANG_WARN_ENUM_CONVERSION = YES;
				CLANG_WARN_INT_CONVERSION = YES;
				CLANG_WARN_OBJC_ROOT_CLASS = YES_ERROR;
				CLANG_WARN_UNREACHABLE_CODE = YES;
				CLANG_WARN__DUPLICATE_METHOD_MATCH = YES;
				"CODE_SIGN_IDENTITY[sdk=iphoneos*]" = "iPhone Developer";
				COPY_PHASE_STRIP = NO;
				ENABLE_STRICT_OBJC_MSGSEND = YES;
				GCC_C_LANGUAGE_STANDARD = gnu99;
				GCC_DYNAMIC_NO_PIC = NO;
				GCC_OPTIMIZATION_LEVEL = 0;
				GCC_PREPROCESSOR_DEFINITIONS = (
					"DEBUG=1",
					"$(inherited)",
				);
				GCC_SYMBOLS_PRIVATE_EXTERN = NO;
				GCC_WARN_64_TO_32_BIT_CONVERSION = YES;
				GCC_WARN_ABOUT_RETURN_TYPE = YES_ERROR;
				GCC_WARN_UNDECLARED_SELECTOR = YES;
				GCC_WARN_UNINITIALIZED_AUTOS = YES_AGGRESSIVE;
				GCC_WARN_UNUSED_FUNCTION = YES;
				GCC_WARN_UNUSED_VARIABLE = YES;
				IPHONEOS_DEPLOYMENT_TARGET = 8.1;
				MTL_ENABLE_DEBUG_INFO = YES;
				ONLY_ACTIVE_ARCH = YES;
				SDKROOT = iphoneos;
				SWIFT_OPTIMIZATION_LEVEL = "-Onone";
				TARGETED_DEVICE_FAMILY = "1,2";
			};
			name = Debug;
		};
		245ACEE51AA9DE5600D0BD13 /* Release */ = {
			isa = XCBuildConfiguration;
			buildSettings = {
				ALWAYS_SEARCH_USER_PATHS = NO;
				CLANG_CXX_LANGUAGE_STANDARD = "gnu++0x";
				CLANG_CXX_LIBRARY = "libc++";
				CLANG_ENABLE_MODULES = YES;
				CLANG_ENABLE_OBJC_ARC = YES;
				CLANG_WARN_BOOL_CONVERSION = YES;
				CLANG_WARN_CONSTANT_CONVERSION = YES;
				CLANG_WARN_DIRECT_OBJC_ISA_USAGE = YES_ERROR;
				CLANG_WARN_EMPTY_BODY = YES;
				CLANG_WARN_ENUM_CONVERSION = YES;
				CLANG_WARN_INT_CONVERSION = YES;
				CLANG_WARN_OBJC_ROOT_CLASS = YES_ERROR;
				CLANG_WARN_UNREACHABLE_CODE = YES;
				CLANG_WARN__DUPLICATE_METHOD_MATCH = YES;
				"CODE_SIGN_IDENTITY[sdk=iphoneos*]" = "iPhone Developer";
				COPY_PHASE_STRIP = YES;
				ENABLE_NS_ASSERTIONS = NO;
				ENABLE_STRICT_OBJC_MSGSEND = YES;
				GCC_C_LANGUAGE_STANDARD = gnu99;
				GCC_WARN_64_TO_32_BIT_CONVERSION = YES;
				GCC_WARN_ABOUT_RETURN_TYPE = YES_ERROR;
				GCC_WARN_UNDECLARED_SELECTOR = YES;
				GCC_WARN_UNINITIALIZED_AUTOS = YES_AGGRESSIVE;
				GCC_WARN_UNUSED_FUNCTION = YES;
				GCC_WARN_UNUSED_VARIABLE = YES;
				IPHONEOS_DEPLOYMENT_TARGET = 8.1;
				MTL_ENABLE_DEBUG_INFO = NO;
				SDKROOT = iphoneos;
				TARGETED_DEVICE_FAMILY = "1,2";
				VALIDATE_PRODUCT = YES;
			};
			name = Release;
		};
		245ACEE71AA9DE5600D0BD13 /* Debug */ = {
			isa = XCBuildConfiguration;
			buildSettings = {
				ASSETCATALOG_COMPILER_APPICON_NAME = AppIcon;
				INFOPLIST_FILE = Project/Info.plist;
				LD_RUNPATH_SEARCH_PATHS = "$(inherited) @executable_path/Frameworks";
				PRODUCT_NAME = "$(TARGET_NAME)";
			};
			name = Debug;
		};
		245ACEE81AA9DE5600D0BD13 /* Release */ = {
			isa = XCBuildConfiguration;
			buildSettings = {
				ASSETCATALOG_COMPILER_APPICON_NAME = AppIcon;
				INFOPLIST_FILE = Project/Info.plist;
				LD_RUNPATH_SEARCH_PATHS = "$(inherited) @executable_path/Frameworks";
				PRODUCT_NAME = "$(TARGET_NAME)";
			};
			name = Release;
		};
		245ACEEA1AA9DE5600D0BD13 /* Debug */ = {
			isa = XCBuildConfiguration;
			buildSettings = {
				BUNDLE_LOADER = "$(TEST_HOST)";
				FRAMEWORK_SEARCH_PATHS = (
					"$(SDKROOT)/Developer/Library/Frameworks",
					"$(inherited)",
				);
				GCC_PREPROCESSOR_DEFINITIONS = (
					"DEBUG=1",
					"$(inherited)",
				);
				INFOPLIST_FILE = ProjectTests/Info.plist;
				LD_RUNPATH_SEARCH_PATHS = "$(inherited) @executable_path/Frameworks @loader_path/Frameworks";
				PRODUCT_NAME = "$(TARGET_NAME)";
				TEST_HOST = "$(BUILT_PRODUCTS_DIR)/Project.app/Project";
			};
			name = Debug;
		};
		245ACEEB1AA9DE5600D0BD13 /* Release */ = {
			isa = XCBuildConfiguration;
			buildSettings = {
				BUNDLE_LOADER = "$(TEST_HOST)";
				FRAMEWORK_SEARCH_PATHS = (
					"$(SDKROOT)/Developer/Library/Frameworks",
					"$(inherited)",
				);
				INFOPLIST_FILE = ProjectTests/Info.plist;
				LD_RUNPATH_SEARCH_PATHS = "$(inherited) @executable_path/Frameworks @loader_path/Frameworks";
				PRODUCT_NAME = "$(TARGET_NAME)";
				TEST_HOST = "$(BUILT_PRODUCTS_DIR)/Project.app/Project";
			};
			name = Release;
		};
/* End XCBuildConfiguration section */

/* Begin XCConfigurationList section */
		245ACEC21AA9DE5600D0BD13 /* Build configuration list for PBXProject "Project" */ = {
			isa = XCConfigurationList;
			buildConfigurations = (
				245ACEE41AA9DE5600D0BD13 /* Debug */,
				245ACEE51AA9DE5600D0BD13 /* Release */,
			);
			defaultConfigurationIsVisible = 0;
			defaultConfigurationName = Release;
		};
		245ACEE61AA9DE5600D0BD13 /* Build configuration list for PBXNativeTarget "Project" */ = {
			isa = XCConfigurationList;
			buildConfigurations = (
				245ACEE71AA9DE5600D0BD13 /* Debug */,
				245ACEE81AA9DE5600D0BD13 /* Release */,
			);
			defaultConfigurationIsVisible = 0;
		};
		245ACEE91AA9DE5600D0BD13 /* Build configuration list for PBXNativeTarget "ProjectTests" */ = {
			isa = XCConfigurationList;
			buildConfigurations = (
				245ACEEA1AA9DE5600D0BD13 /* Debug */,
				245ACEEB1AA9DE5600D0BD13 /* Release */,
			);
			defaultConfigurationIsVisible = 0;
		};
/* End XCConfigurationList section */
	};
	rootObject = 245ACEBF1AA9DE5600D0BD13 /* Project object */;
}
