// !$*UTF8*$!
{
	archiveVersion = 1;
	classes = {
	};
	objectVersion = 46;
	objects = {

/* Begin PBXBuildFile section */
		240C86D71BA31F35004F6794 /* main.js in Resources */ = {isa = PBXBuildFile; fileRef = 240C86D51BA31F35004F6794 /* main.js */; };
		240C86D81BA31F35004F6794 /* scene.fmt in Resources */ = {isa = PBXBuildFile; fileRef = 240C86D61BA31F35004F6794 /* scene.fmt */; };
		240C86E71BA3771B004F6794 /* PropertiesMenuViewController.swift in Sources */ = {isa = PBXBuildFile; fileRef = 240C86E51BA3771B004F6794 /* PropertiesMenuViewController.swift */; };
		240C86E81BA3771B004F6794 /* PropertiesMenuViewController.xib in Resources */ = {isa = PBXBuildFile; fileRef = 240C86E61BA3771B004F6794 /* PropertiesMenuViewController.xib */; };
		2421FCE01BCA9E7E00DF634B /* TemplateEditorSceneManager.swift in Sources */ = {isa = PBXBuildFile; fileRef = 2421FCDF1BCA9E7E00DF634B /* TemplateEditorSceneManager.swift */; };
		2459916A1BAAF27E008E8F60 /* EditorSceneManager.swift in Sources */ = {isa = PBXBuildFile; fileRef = 245991691BAAF27E008E8F60 /* EditorSceneManager.swift */; };
		2459916E1BAAF362008E8F60 /* PlayerSceneManager.swift in Sources */ = {isa = PBXBuildFile; fileRef = 2459916D1BAAF362008E8F60 /* PlayerSceneManager.swift */; };
		245991781BAB3E14008E8F60 /* ItemsMenuViewController.swift in Sources */ = {isa = PBXBuildFile; fileRef = 245991771BAB3E14008E8F60 /* ItemsMenuViewController.swift */; };
		2459917A1BAB3E43008E8F60 /* ItemsMenuViewController.xib in Resources */ = {isa = PBXBuildFile; fileRef = 245991791BAB3E43008E8F60 /* ItemsMenuViewController.xib */; };
		246378221BEE40F600145589 /* solarSystem.fmt in Resources */ = {isa = PBXBuildFile; fileRef = 246378211BEE40F600145589 /* solarSystem.fmt */; };
		246378251BEE47AF00145589 /* data.fmt in Resources */ = {isa = PBXBuildFile; fileRef = 246378241BEE47AF00145589 /* data.fmt */; };
		246378271BEE5E3700145589 /* octocat.fmt in Resources */ = {isa = PBXBuildFile; fileRef = 246378261BEE5E3700145589 /* octocat.fmt */; };
		247D8F651BF0FFA6006ACA73 /* app.fmt in Resources */ = {isa = PBXBuildFile; fileRef = 247D8F641BF0FFA6006ACA73 /* app.fmt */; };
		249121441BBC2C370078BA64 /* EngineKit.framework in Frameworks */ = {isa = PBXBuildFile; fileRef = 24B8135B1BA0A69000EAA152 /* EngineKit.framework */; };
		249121451BBC2C370078BA64 /* EngineKit.framework in Embed Frameworks */ = {isa = PBXBuildFile; fileRef = 24B8135B1BA0A69000EAA152 /* EngineKit.framework */; settings = {ATTRIBUTES = (CodeSignOnCopy, RemoveHeadersOnCopy, ); }; };
		2491214A1BBC2C620078BA64 /* support.js in Resources */ = {isa = PBXBuildFile; fileRef = 249121491BBC2C620078BA64 /* support.js */; };
		2491214C1BBC2C730078BA64 /* editor.js in Resources */ = {isa = PBXBuildFile; fileRef = 2491214B1BBC2C730078BA64 /* editor.js */; };
		24A92BEB1BED8E5700E6850B /* ios.fmt in Resources */ = {isa = PBXBuildFile; fileRef = 24A92BEA1BED8E5700E6850B /* ios.fmt */; };
		24B1E3121BC6A099007831BB /* TriggerActionViewController.swift in Sources */ = {isa = PBXBuildFile; fileRef = 24B1E3101BC6A099007831BB /* TriggerActionViewController.swift */; };
		24B1E3131BC6A099007831BB /* TriggerActionViewController.xib in Resources */ = {isa = PBXBuildFile; fileRef = 24B1E3111BC6A099007831BB /* TriggerActionViewController.xib */; };
		24B813281BA0A67C00EAA152 /* AppDelegate.swift in Sources */ = {isa = PBXBuildFile; fileRef = 24B813271BA0A67C00EAA152 /* AppDelegate.swift */; };
		24B8132A1BA0A67C00EAA152 /* ViewController.swift in Sources */ = {isa = PBXBuildFile; fileRef = 24B813291BA0A67C00EAA152 /* ViewController.swift */; };
		24B8132D1BA0A67C00EAA152 /* Main.storyboard in Resources */ = {isa = PBXBuildFile; fileRef = 24B8132B1BA0A67C00EAA152 /* Main.storyboard */; };
		24B8132F1BA0A67C00EAA152 /* Assets.xcassets in Resources */ = {isa = PBXBuildFile; fileRef = 24B8132E1BA0A67C00EAA152 /* Assets.xcassets */; };
		24B813321BA0A67C00EAA152 /* LaunchScreen.storyboard in Resources */ = {isa = PBXBuildFile; fileRef = 24B813301BA0A67C00EAA152 /* LaunchScreen.storyboard */; };
		24B8133D1BA0A67C00EAA152 /* EngineKitCreatorTests.swift in Sources */ = {isa = PBXBuildFile; fileRef = 24B8133C1BA0A67C00EAA152 /* EngineKitCreatorTests.swift */; };
		24B813481BA0A67C00EAA152 /* EngineKitCreatorUITests.swift in Sources */ = {isa = PBXBuildFile; fileRef = 24B813471BA0A67C00EAA152 /* EngineKitCreatorUITests.swift */; };
		24B813611BA0A6D200EAA152 /* MenuView.swift in Sources */ = {isa = PBXBuildFile; fileRef = 24B8135F1BA0A6D200EAA152 /* MenuView.swift */; };
		24B813621BA0A6D200EAA152 /* ObjectsMenuController.swift in Sources */ = {isa = PBXBuildFile; fileRef = 24B813601BA0A6D200EAA152 /* ObjectsMenuController.swift */; };
		24B813641BA0B73D00EAA152 /* ObjectsCell.swift in Sources */ = {isa = PBXBuildFile; fileRef = 24B813631BA0B73D00EAA152 /* ObjectsCell.swift */; };
		24B813661BA0B77200EAA152 /* ObjectsCell.xib in Resources */ = {isa = PBXBuildFile; fileRef = 24B813651BA0B77200EAA152 /* ObjectsCell.xib */; };
		24BE696F1BF1402100ACB3F8 /* square.fmt in Resources */ = {isa = PBXBuildFile; fileRef = 24BE696E1BF1402100ACB3F8 /* square.fmt */; };
		24BE69721BF142F400ACB3F8 /* lego.fmt in Resources */ = {isa = PBXBuildFile; fileRef = 24BE69711BF142F400ACB3F8 /* lego.fmt */; };
		24BE69741BF14C8D00ACB3F8 /* notebook.fmt in Resources */ = {isa = PBXBuildFile; fileRef = 24BE69731BF14C8D00ACB3F8 /* notebook.fmt */; };
		24BE69761BF1520100ACB3F8 /* window.fmt in Resources */ = {isa = PBXBuildFile; fileRef = 24BE69751BF1520100ACB3F8 /* window.fmt */; };
		24FE9EF81BF24C2C006D1ADB /* features.fmt in Resources */ = {isa = PBXBuildFile; fileRef = 24FE9EF71BF24C2C006D1ADB /* features.fmt */; };
		24FE9EFB1BF254FF006D1ADB /* file.fmt in Resources */ = {isa = PBXBuildFile; fileRef = 24FE9EFA1BF254FF006D1ADB /* file.fmt */; };
/* End PBXBuildFile section */

/* Begin PBXContainerItemProxy section */
		249121461BBC2C370078BA64 /* PBXContainerItemProxy */ = {
			isa = PBXContainerItemProxy;
			containerPortal = 24B813551BA0A69000EAA152 /* EngineKit.xcodeproj */;
			proxyType = 1;
			remoteGlobalIDString = 24B810481BA073CA00EAA152;
			remoteInfo = EngineKit;
		};
		24B813391BA0A67C00EAA152 /* PBXContainerItemProxy */ = {
			isa = PBXContainerItemProxy;
			containerPortal = 24B8131C1BA0A67C00EAA152 /* Project object */;
			proxyType = 1;
			remoteGlobalIDString = 24B813231BA0A67C00EAA152;
			remoteInfo = EngineKitCreator;
		};
		24B813441BA0A67C00EAA152 /* PBXContainerItemProxy */ = {
			isa = PBXContainerItemProxy;
			containerPortal = 24B8131C1BA0A67C00EAA152 /* Project object */;
			proxyType = 1;
			remoteGlobalIDString = 24B813231BA0A67C00EAA152;
			remoteInfo = EngineKitCreator;
		};
		24B8135A1BA0A69000EAA152 /* PBXContainerItemProxy */ = {
			isa = PBXContainerItemProxy;
			containerPortal = 24B813551BA0A69000EAA152 /* EngineKit.xcodeproj */;
			proxyType = 2;
			remoteGlobalIDString = 24B810491BA073CA00EAA152;
			remoteInfo = EngineKit;
		};
		24B8135C1BA0A69000EAA152 /* PBXContainerItemProxy */ = {
			isa = PBXContainerItemProxy;
			containerPortal = 24B813551BA0A69000EAA152 /* EngineKit.xcodeproj */;
			proxyType = 2;
			remoteGlobalIDString = 24B810531BA073CA00EAA152;
			remoteInfo = EngineKitTests;
		};
/* End PBXContainerItemProxy section */

/* Begin PBXCopyFilesBuildPhase section */
		249121481BBC2C370078BA64 /* Embed Frameworks */ = {
			isa = PBXCopyFilesBuildPhase;
			buildActionMask = 2147483647;
			dstPath = "";
			dstSubfolderSpec = 10;
			files = (
				249121451BBC2C370078BA64 /* EngineKit.framework in Embed Frameworks */,
			);
			name = "Embed Frameworks";
			runOnlyForDeploymentPostprocessing = 0;
		};
/* End PBXCopyFilesBuildPhase section */

/* Begin PBXFileReference section */
		240C86D51BA31F35004F6794 /* main.js */ = {isa = PBXFileReference; fileEncoding = 4; lastKnownFileType = sourcecode.javascript; path = main.js; sourceTree = "<group>"; };
		240C86D61BA31F35004F6794 /* scene.fmt */ = {isa = PBXFileReference; fileEncoding = 4; lastKnownFileType = text; path = scene.fmt; sourceTree = "<group>"; xcLanguageSpecificationIdentifier = xcode.lang.c; };
		240C86E51BA3771B004F6794 /* PropertiesMenuViewController.swift */ = {isa = PBXFileReference; fileEncoding = 4; lastKnownFileType = sourcecode.swift; path = PropertiesMenuViewController.swift; sourceTree = "<group>"; };
		240C86E61BA3771B004F6794 /* PropertiesMenuViewController.xib */ = {isa = PBXFileReference; fileEncoding = 4; lastKnownFileType = file.xib; path = PropertiesMenuViewController.xib; sourceTree = "<group>"; };
		2421FCDF1BCA9E7E00DF634B /* TemplateEditorSceneManager.swift */ = {isa = PBXFileReference; fileEncoding = 4; lastKnownFileType = sourcecode.swift; path = TemplateEditorSceneManager.swift; sourceTree = "<group>"; };
		245991691BAAF27E008E8F60 /* EditorSceneManager.swift */ = {isa = PBXFileReference; fileEncoding = 4; lastKnownFileType = sourcecode.swift; path = EditorSceneManager.swift; sourceTree = "<group>"; };
		2459916D1BAAF362008E8F60 /* PlayerSceneManager.swift */ = {isa = PBXFileReference; fileEncoding = 4; lastKnownFileType = sourcecode.swift; name = PlayerSceneManager.swift; path = EngineKitCreator/PlayerSceneManager.swift; sourceTree = "<group>"; };
		245991771BAB3E14008E8F60 /* ItemsMenuViewController.swift */ = {isa = PBXFileReference; fileEncoding = 4; lastKnownFileType = sourcecode.swift; path = ItemsMenuViewController.swift; sourceTree = "<group>"; };
		245991791BAB3E43008E8F60 /* ItemsMenuViewController.xib */ = {isa = PBXFileReference; fileEncoding = 4; lastKnownFileType = file.xib; path = ItemsMenuViewController.xib; sourceTree = "<group>"; };
		246378211BEE40F600145589 /* solarSystem.fmt */ = {isa = PBXFileReference; fileEncoding = 4; lastKnownFileType = text; path = solarSystem.fmt; sourceTree = "<group>"; };
		246378241BEE47AF00145589 /* data.fmt */ = {isa = PBXFileReference; fileEncoding = 4; lastKnownFileType = text; path = data.fmt; sourceTree = "<group>"; };
		246378261BEE5E3700145589 /* octocat.fmt */ = {isa = PBXFileReference; fileEncoding = 4; lastKnownFileType = text; path = octocat.fmt; sourceTree = "<group>"; };
		247D8F641BF0FFA6006ACA73 /* app.fmt */ = {isa = PBXFileReference; fileEncoding = 4; lastKnownFileType = text; path = app.fmt; sourceTree = "<group>"; };
		249121491BBC2C620078BA64 /* support.js */ = {isa = PBXFileReference; fileEncoding = 4; lastKnownFileType = sourcecode.javascript; path = support.js; sourceTree = "<group>"; };
		2491214B1BBC2C730078BA64 /* editor.js */ = {isa = PBXFileReference; fileEncoding = 4; lastKnownFileType = sourcecode.javascript; path = editor.js; sourceTree = "<group>"; };
		24A92BEA1BED8E5700E6850B /* ios.fmt */ = {isa = PBXFileReference; fileEncoding = 4; lastKnownFileType = text; path = ios.fmt; sourceTree = "<group>"; };
		24B1E3101BC6A099007831BB /* TriggerActionViewController.swift */ = {isa = PBXFileReference; fileEncoding = 4; lastKnownFileType = sourcecode.swift; path = TriggerActionViewController.swift; sourceTree = "<group>"; };
		24B1E3111BC6A099007831BB /* TriggerActionViewController.xib */ = {isa = PBXFileReference; fileEncoding = 4; lastKnownFileType = file.xib; path = TriggerActionViewController.xib; sourceTree = "<group>"; };
		24B813241BA0A67C00EAA152 /* EngineKitCreator.app */ = {isa = PBXFileReference; explicitFileType = wrapper.application; includeInIndex = 0; path = EngineKitCreator.app; sourceTree = BUILT_PRODUCTS_DIR; };
		24B813271BA0A67C00EAA152 /* AppDelegate.swift */ = {isa = PBXFileReference; lastKnownFileType = sourcecode.swift; path = AppDelegate.swift; sourceTree = "<group>"; };
		24B813291BA0A67C00EAA152 /* ViewController.swift */ = {isa = PBXFileReference; lastKnownFileType = sourcecode.swift; path = ViewController.swift; sourceTree = "<group>"; };
		24B8132C1BA0A67C00EAA152 /* Base */ = {isa = PBXFileReference; lastKnownFileType = file.storyboard; name = Base; path = Base.lproj/Main.storyboard; sourceTree = "<group>"; };
		24B8132E1BA0A67C00EAA152 /* Assets.xcassets */ = {isa = PBXFileReference; lastKnownFileType = folder.assetcatalog; path = Assets.xcassets; sourceTree = "<group>"; };
		24B813311BA0A67C00EAA152 /* Base */ = {isa = PBXFileReference; lastKnownFileType = file.storyboard; name = Base; path = Base.lproj/LaunchScreen.storyboard; sourceTree = "<group>"; };
		24B813331BA0A67C00EAA152 /* Info.plist */ = {isa = PBXFileReference; lastKnownFileType = text.plist.xml; path = Info.plist; sourceTree = "<group>"; };
		24B813381BA0A67C00EAA152 /* EngineKitCreatorTests.xctest */ = {isa = PBXFileReference; explicitFileType = wrapper.cfbundle; includeInIndex = 0; path = EngineKitCreatorTests.xctest; sourceTree = BUILT_PRODUCTS_DIR; };
		24B8133C1BA0A67C00EAA152 /* EngineKitCreatorTests.swift */ = {isa = PBXFileReference; lastKnownFileType = sourcecode.swift; path = EngineKitCreatorTests.swift; sourceTree = "<group>"; };
		24B8133E1BA0A67C00EAA152 /* Info.plist */ = {isa = PBXFileReference; lastKnownFileType = text.plist.xml; path = Info.plist; sourceTree = "<group>"; };
		24B813431BA0A67C00EAA152 /* EngineKitCreatorUITests.xctest */ = {isa = PBXFileReference; explicitFileType = wrapper.cfbundle; includeInIndex = 0; path = EngineKitCreatorUITests.xctest; sourceTree = BUILT_PRODUCTS_DIR; };
		24B813471BA0A67C00EAA152 /* EngineKitCreatorUITests.swift */ = {isa = PBXFileReference; lastKnownFileType = sourcecode.swift; path = EngineKitCreatorUITests.swift; sourceTree = "<group>"; };
		24B813491BA0A67C00EAA152 /* Info.plist */ = {isa = PBXFileReference; lastKnownFileType = text.plist.xml; path = Info.plist; sourceTree = "<group>"; };
		24B813551BA0A69000EAA152 /* EngineKit.xcodeproj */ = {isa = PBXFileReference; lastKnownFileType = "wrapper.pb-project"; name = EngineKit.xcodeproj; path = ../EngineKit/EngineKit.xcodeproj; sourceTree = "<group>"; };
		24B8135F1BA0A6D200EAA152 /* MenuView.swift */ = {isa = PBXFileReference; fileEncoding = 4; lastKnownFileType = sourcecode.swift; path = MenuView.swift; sourceTree = "<group>"; };
		24B813601BA0A6D200EAA152 /* ObjectsMenuController.swift */ = {isa = PBXFileReference; fileEncoding = 4; lastKnownFileType = sourcecode.swift; path = ObjectsMenuController.swift; sourceTree = "<group>"; };
		24B813631BA0B73D00EAA152 /* ObjectsCell.swift */ = {isa = PBXFileReference; fileEncoding = 4; lastKnownFileType = sourcecode.swift; path = ObjectsCell.swift; sourceTree = "<group>"; };
		24B813651BA0B77200EAA152 /* ObjectsCell.xib */ = {isa = PBXFileReference; fileEncoding = 4; lastKnownFileType = file.xib; path = ObjectsCell.xib; sourceTree = "<group>"; };
		24BE696E1BF1402100ACB3F8 /* square.fmt */ = {isa = PBXFileReference; fileEncoding = 4; lastKnownFileType = text; path = square.fmt; sourceTree = "<group>"; };
		24BE69711BF142F400ACB3F8 /* lego.fmt */ = {isa = PBXFileReference; fileEncoding = 4; lastKnownFileType = text; path = lego.fmt; sourceTree = "<group>"; };
		24BE69731BF14C8D00ACB3F8 /* notebook.fmt */ = {isa = PBXFileReference; fileEncoding = 4; lastKnownFileType = text; path = notebook.fmt; sourceTree = "<group>"; };
		24BE69751BF1520100ACB3F8 /* window.fmt */ = {isa = PBXFileReference; fileEncoding = 4; lastKnownFileType = text; path = window.fmt; sourceTree = "<group>"; };
		24FE9EF71BF24C2C006D1ADB /* features.fmt */ = {isa = PBXFileReference; fileEncoding = 4; lastKnownFileType = text; path = features.fmt; sourceTree = "<group>"; };
		24FE9EFA1BF254FF006D1ADB /* file.fmt */ = {isa = PBXFileReference; fileEncoding = 4; lastKnownFileType = text; path = file.fmt; sourceTree = "<group>"; };
/* End PBXFileReference section */

/* Begin PBXFrameworksBuildPhase section */
		24B813211BA0A67C00EAA152 /* Frameworks */ = {
			isa = PBXFrameworksBuildPhase;
			buildActionMask = 2147483647;
			files = (
				249121441BBC2C370078BA64 /* EngineKit.framework in Frameworks */,
			);
			runOnlyForDeploymentPostprocessing = 0;
		};
		24B813351BA0A67C00EAA152 /* Frameworks */ = {
			isa = PBXFrameworksBuildPhase;
			buildActionMask = 2147483647;
			files = (
			);
			runOnlyForDeploymentPostprocessing = 0;
		};
		24B813401BA0A67C00EAA152 /* Frameworks */ = {
			isa = PBXFrameworksBuildPhase;
			buildActionMask = 2147483647;
			files = (
			);
			runOnlyForDeploymentPostprocessing = 0;
		};
/* End PBXFrameworksBuildPhase section */

/* Begin PBXGroup section */
		24B8131B1BA0A67C00EAA152 = {
			isa = PBXGroup;
			children = (
				2459916D1BAAF362008E8F60 /* PlayerSceneManager.swift */,
				24B813551BA0A69000EAA152 /* EngineKit.xcodeproj */,
				24B813261BA0A67C00EAA152 /* EngineKitCreator */,
				24B8133B1BA0A67C00EAA152 /* EngineKitCreatorTests */,
				24B813461BA0A67C00EAA152 /* EngineKitCreatorUITests */,
				24B813251BA0A67C00EAA152 /* Products */,
			);
			sourceTree = "<group>";
		};
		24B813251BA0A67C00EAA152 /* Products */ = {
			isa = PBXGroup;
			children = (
				24B813241BA0A67C00EAA152 /* EngineKitCreator.app */,
				24B813381BA0A67C00EAA152 /* EngineKitCreatorTests.xctest */,
				24B813431BA0A67C00EAA152 /* EngineKitCreatorUITests.xctest */,
			);
			name = Products;
			sourceTree = "<group>";
		};
		24B813261BA0A67C00EAA152 /* EngineKitCreator */ = {
			isa = PBXGroup;
			children = (
				2421FCDF1BCA9E7E00DF634B /* TemplateEditorSceneManager.swift */,
				24B813271BA0A67C00EAA152 /* AppDelegate.swift */,
				24B813291BA0A67C00EAA152 /* ViewController.swift */,
				24B8135F1BA0A6D200EAA152 /* MenuView.swift */,
				24B813601BA0A6D200EAA152 /* ObjectsMenuController.swift */,
				24B813631BA0B73D00EAA152 /* ObjectsCell.swift */,
				24B813651BA0B77200EAA152 /* ObjectsCell.xib */,
				240C86E51BA3771B004F6794 /* PropertiesMenuViewController.swift */,
				240C86E61BA3771B004F6794 /* PropertiesMenuViewController.xib */,
				245991771BAB3E14008E8F60 /* ItemsMenuViewController.swift */,
				245991791BAB3E43008E8F60 /* ItemsMenuViewController.xib */,
				24B1E3101BC6A099007831BB /* TriggerActionViewController.swift */,
				24B1E3111BC6A099007831BB /* TriggerActionViewController.xib */,
				24B8132B1BA0A67C00EAA152 /* Main.storyboard */,
				245991691BAAF27E008E8F60 /* EditorSceneManager.swift */,
				24B8132E1BA0A67C00EAA152 /* Assets.xcassets */,
				24B813301BA0A67C00EAA152 /* LaunchScreen.storyboard */,
				24B813331BA0A67C00EAA152 /* Info.plist */,
				249121491BBC2C620078BA64 /* support.js */,
				240C86D51BA31F35004F6794 /* main.js */,
				2491214B1BBC2C730078BA64 /* editor.js */,
				240C86D61BA31F35004F6794 /* scene.fmt */,
				24FE9EFA1BF254FF006D1ADB /* file.fmt */,
				24BE69751BF1520100ACB3F8 /* window.fmt */,
				24FE9EF71BF24C2C006D1ADB /* features.fmt */,
				24BE69711BF142F400ACB3F8 /* lego.fmt */,
				24BE696E1BF1402100ACB3F8 /* square.fmt */,
				247D8F641BF0FFA6006ACA73 /* app.fmt */,
				246378261BEE5E3700145589 /* octocat.fmt */,
				246378241BEE47AF00145589 /* data.fmt */,
				246378211BEE40F600145589 /* solarSystem.fmt */,
				24A92BEA1BED8E5700E6850B /* ios.fmt */,
				24BE69731BF14C8D00ACB3F8 /* notebook.fmt */,
			);
			path = EngineKitCreator;
			sourceTree = "<group>";
		};
		24B8133B1BA0A67C00EAA152 /* EngineKitCreatorTests */ = {
			isa = PBXGroup;
			children = (
				24B8133C1BA0A67C00EAA152 /* EngineKitCreatorTests.swift */,
				24B8133E1BA0A67C00EAA152 /* Info.plist */,
			);
			path = EngineKitCreatorTests;
			sourceTree = "<group>";
		};
		24B813461BA0A67C00EAA152 /* EngineKitCreatorUITests */ = {
			isa = PBXGroup;
			children = (
				24B813471BA0A67C00EAA152 /* EngineKitCreatorUITests.swift */,
				24B813491BA0A67C00EAA152 /* Info.plist */,
			);
			path = EngineKitCreatorUITests;
			sourceTree = "<group>";
		};
		24B813561BA0A69000EAA152 /* Products */ = {
			isa = PBXGroup;
			children = (
				24B8135B1BA0A69000EAA152 /* EngineKit.framework */,
				24B8135D1BA0A69000EAA152 /* EngineKitTests.xctest */,
			);
			name = Products;
			sourceTree = "<group>";
		};
/* End PBXGroup section */

/* Begin PBXNativeTarget section */
		24B813231BA0A67C00EAA152 /* EngineKitCreator */ = {
			isa = PBXNativeTarget;
			buildConfigurationList = 24B8134C1BA0A67C00EAA152 /* Build configuration list for PBXNativeTarget "EngineKitCreator" */;
			buildPhases = (
				24B813201BA0A67C00EAA152 /* Sources */,
				24B813211BA0A67C00EAA152 /* Frameworks */,
				24B813221BA0A67C00EAA152 /* Resources */,
				249121481BBC2C370078BA64 /* Embed Frameworks */,
			);
			buildRules = (
			);
			dependencies = (
				249121471BBC2C370078BA64 /* PBXTargetDependency */,
			);
			name = EngineKitCreator;
			productName = EngineKitCreator;
			productReference = 24B813241BA0A67C00EAA152 /* EngineKitCreator.app */;
			productType = "com.apple.product-type.application";
		};
		24B813371BA0A67C00EAA152 /* EngineKitCreatorTests */ = {
			isa = PBXNativeTarget;
			buildConfigurationList = 24B8134F1BA0A67C00EAA152 /* Build configuration list for PBXNativeTarget "EngineKitCreatorTests" */;
			buildPhases = (
				24B813341BA0A67C00EAA152 /* Sources */,
				24B813351BA0A67C00EAA152 /* Frameworks */,
				24B813361BA0A67C00EAA152 /* Resources */,
			);
			buildRules = (
			);
			dependencies = (
				24B8133A1BA0A67C00EAA152 /* PBXTargetDependency */,
			);
			name = EngineKitCreatorTests;
			productName = EngineKitCreatorTests;
			productReference = 24B813381BA0A67C00EAA152 /* EngineKitCreatorTests.xctest */;
			productType = "com.apple.product-type.bundle.unit-test";
		};
		24B813421BA0A67C00EAA152 /* EngineKitCreatorUITests */ = {
			isa = PBXNativeTarget;
			buildConfigurationList = 24B813521BA0A67C00EAA152 /* Build configuration list for PBXNativeTarget "EngineKitCreatorUITests" */;
			buildPhases = (
				24B8133F1BA0A67C00EAA152 /* Sources */,
				24B813401BA0A67C00EAA152 /* Frameworks */,
				24B813411BA0A67C00EAA152 /* Resources */,
			);
			buildRules = (
			);
			dependencies = (
				24B813451BA0A67C00EAA152 /* PBXTargetDependency */,
			);
			name = EngineKitCreatorUITests;
			productName = EngineKitCreatorUITests;
			productReference = 24B813431BA0A67C00EAA152 /* EngineKitCreatorUITests.xctest */;
			productType = "com.apple.product-type.bundle.ui-testing";
		};
/* End PBXNativeTarget section */

/* Begin PBXProject section */
		24B8131C1BA0A67C00EAA152 /* Project object */ = {
			isa = PBXProject;
			attributes = {
				LastUpgradeCheck = 0700;
				ORGANIZATIONNAME = "Vinicius Vendramini";
				TargetAttributes = {
					24B813231BA0A67C00EAA152 = {
						CreatedOnToolsVersion = 7.0;
						DevelopmentTeam = HHT774898M;
					};
					24B813371BA0A67C00EAA152 = {
						CreatedOnToolsVersion = 7.0;
						DevelopmentTeam = HHT774898M;
						TestTargetID = 24B813231BA0A67C00EAA152;
					};
					24B813421BA0A67C00EAA152 = {
						CreatedOnToolsVersion = 7.0;
						DevelopmentTeam = HHT774898M;
						TestTargetID = 24B813231BA0A67C00EAA152;
					};
				};
			};
			buildConfigurationList = 24B8131F1BA0A67C00EAA152 /* Build configuration list for PBXProject "EngineKitCreator" */;
			compatibilityVersion = "Xcode 3.2";
			developmentRegion = English;
			hasScannedForEncodings = 0;
			knownRegions = (
				en,
				Base,
			);
			mainGroup = 24B8131B1BA0A67C00EAA152;
			productRefGroup = 24B813251BA0A67C00EAA152 /* Products */;
			projectDirPath = "";
			projectReferences = (
				{
					ProductGroup = 24B813561BA0A69000EAA152 /* Products */;
					ProjectRef = 24B813551BA0A69000EAA152 /* EngineKit.xcodeproj */;
				},
			);
			projectRoot = "";
			targets = (
				24B813231BA0A67C00EAA152 /* EngineKitCreator */,
				24B813371BA0A67C00EAA152 /* EngineKitCreatorTests */,
				24B813421BA0A67C00EAA152 /* EngineKitCreatorUITests */,
			);
		};
/* End PBXProject section */

/* Begin PBXReferenceProxy section */
		24B8135B1BA0A69000EAA152 /* EngineKit.framework */ = {
			isa = PBXReferenceProxy;
			fileType = wrapper.framework;
			path = EngineKit.framework;
			remoteRef = 24B8135A1BA0A69000EAA152 /* PBXContainerItemProxy */;
			sourceTree = BUILT_PRODUCTS_DIR;
		};
		24B8135D1BA0A69000EAA152 /* EngineKitTests.xctest */ = {
			isa = PBXReferenceProxy;
			fileType = wrapper.cfbundle;
			path = EngineKitTests.xctest;
			remoteRef = 24B8135C1BA0A69000EAA152 /* PBXContainerItemProxy */;
			sourceTree = BUILT_PRODUCTS_DIR;
		};
/* End PBXReferenceProxy section */

/* Begin PBXResourcesBuildPhase section */
		24B813221BA0A67C00EAA152 /* Resources */ = {
			isa = PBXResourcesBuildPhase;
			buildActionMask = 2147483647;
			files = (
				24BE696F1BF1402100ACB3F8 /* square.fmt in Resources */,
				246378221BEE40F600145589 /* solarSystem.fmt in Resources */,
				24B813321BA0A67C00EAA152 /* LaunchScreen.storyboard in Resources */,
				240C86E81BA3771B004F6794 /* PropertiesMenuViewController.xib in Resources */,
				246378251BEE47AF00145589 /* data.fmt in Resources */,
				2459917A1BAB3E43008E8F60 /* ItemsMenuViewController.xib in Resources */,
				24A92BEB1BED8E5700E6850B /* ios.fmt in Resources */,
				24BE69761BF1520100ACB3F8 /* window.fmt in Resources */,
				24B1E3131BC6A099007831BB /* TriggerActionViewController.xib in Resources */,
				24B8132F1BA0A67C00EAA152 /* Assets.xcassets in Resources */,
				246378271BEE5E3700145589 /* octocat.fmt in Resources */,
				2491214A1BBC2C620078BA64 /* support.js in Resources */,
				24B813661BA0B77200EAA152 /* ObjectsCell.xib in Resources */,
				24FE9EFB1BF254FF006D1ADB /* file.fmt in Resources */,
				24B8132D1BA0A67C00EAA152 /* Main.storyboard in Resources */,
				240C86D81BA31F35004F6794 /* scene.fmt in Resources */,
				247D8F651BF0FFA6006ACA73 /* app.fmt in Resources */,
				240C86D71BA31F35004F6794 /* main.js in Resources */,
				24BE69741BF14C8D00ACB3F8 /* notebook.fmt in Resources */,
				24FE9EF81BF24C2C006D1ADB /* features.fmt in Resources */,
				24BE69721BF142F400ACB3F8 /* lego.fmt in Resources */,
				2491214C1BBC2C730078BA64 /* editor.js in Resources */,
			);
			runOnlyForDeploymentPostprocessing = 0;
		};
		24B813361BA0A67C00EAA152 /* Resources */ = {
			isa = PBXResourcesBuildPhase;
			buildActionMask = 2147483647;
			files = (
			);
			runOnlyForDeploymentPostprocessing = 0;
		};
		24B813411BA0A67C00EAA152 /* Resources */ = {
			isa = PBXResourcesBuildPhase;
			buildActionMask = 2147483647;
			files = (
			);
			runOnlyForDeploymentPostprocessing = 0;
		};
/* End PBXResourcesBuildPhase section */

/* Begin PBXSourcesBuildPhase section */
		24B813201BA0A67C00EAA152 /* Sources */ = {
			isa = PBXSourcesBuildPhase;
			buildActionMask = 2147483647;
			files = (
				24B8132A1BA0A67C00EAA152 /* ViewController.swift in Sources */,
				2459916E1BAAF362008E8F60 /* PlayerSceneManager.swift in Sources */,
				24B813621BA0A6D200EAA152 /* ObjectsMenuController.swift in Sources */,
				24B1E3121BC6A099007831BB /* TriggerActionViewController.swift in Sources */,
				240C86E71BA3771B004F6794 /* PropertiesMenuViewController.swift in Sources */,
				2421FCE01BCA9E7E00DF634B /* TemplateEditorSceneManager.swift in Sources */,
				24B813641BA0B73D00EAA152 /* ObjectsCell.swift in Sources */,
				245991781BAB3E14008E8F60 /* ItemsMenuViewController.swift in Sources */,
				24B813611BA0A6D200EAA152 /* MenuView.swift in Sources */,
				24B813281BA0A67C00EAA152 /* AppDelegate.swift in Sources */,
				2459916A1BAAF27E008E8F60 /* EditorSceneManager.swift in Sources */,
			);
			runOnlyForDeploymentPostprocessing = 0;
		};
		24B813341BA0A67C00EAA152 /* Sources */ = {
			isa = PBXSourcesBuildPhase;
			buildActionMask = 2147483647;
			files = (
				24B8133D1BA0A67C00EAA152 /* EngineKitCreatorTests.swift in Sources */,
			);
			runOnlyForDeploymentPostprocessing = 0;
		};
		24B8133F1BA0A67C00EAA152 /* Sources */ = {
			isa = PBXSourcesBuildPhase;
			buildActionMask = 2147483647;
			files = (
				24B813481BA0A67C00EAA152 /* EngineKitCreatorUITests.swift in Sources */,
			);
			runOnlyForDeploymentPostprocessing = 0;
		};
/* End PBXSourcesBuildPhase section */

/* Begin PBXTargetDependency section */
		249121471BBC2C370078BA64 /* PBXTargetDependency */ = {
			isa = PBXTargetDependency;
			name = EngineKit;
			targetProxy = 249121461BBC2C370078BA64 /* PBXContainerItemProxy */;
		};
		24B8133A1BA0A67C00EAA152 /* PBXTargetDependency */ = {
			isa = PBXTargetDependency;
			target = 24B813231BA0A67C00EAA152 /* EngineKitCreator */;
			targetProxy = 24B813391BA0A67C00EAA152 /* PBXContainerItemProxy */;
		};
		24B813451BA0A67C00EAA152 /* PBXTargetDependency */ = {
			isa = PBXTargetDependency;
			target = 24B813231BA0A67C00EAA152 /* EngineKitCreator */;
			targetProxy = 24B813441BA0A67C00EAA152 /* PBXContainerItemProxy */;
		};
/* End PBXTargetDependency section */

/* Begin PBXVariantGroup section */
		24B8132B1BA0A67C00EAA152 /* Main.storyboard */ = {
			isa = PBXVariantGroup;
			children = (
				24B8132C1BA0A67C00EAA152 /* Base */,
			);
			name = Main.storyboard;
			sourceTree = "<group>";
		};
		24B813301BA0A67C00EAA152 /* LaunchScreen.storyboard */ = {
			isa = PBXVariantGroup;
			children = (
				24B813311BA0A67C00EAA152 /* Base */,
			);
			name = LaunchScreen.storyboard;
			sourceTree = "<group>";
		};
/* End PBXVariantGroup section */

/* Begin XCBuildConfiguration section */
		24B8134A1BA0A67C00EAA152 /* Debug */ = {
			isa = XCBuildConfiguration;
			buildSettings = {
				ALWAYS_SEARCH_USER_PATHS = NO;
				CLANG_CXX_LANGUAGE_STANDARD = "gnu++0x";
				CLANG_CXX_LIBRARY = "libc++";
				CLANG_ENABLE_MODULES = YES;
				CLANG_ENABLE_OBJC_ARC = YES;
				CLANG_WARN_BOOL_CONVERSION = YES;
				CLANG_WARN_CONSTANT_CONVERSION = YES;
				CLANG_WARN_DIRECT_OBJC_ISA_USAGE = YES_ERROR;
				CLANG_WARN_EMPTY_BODY = YES;
				CLANG_WARN_ENUM_CONVERSION = YES;
				CLANG_WARN_INT_CONVERSION = YES;
				CLANG_WARN_OBJC_ROOT_CLASS = YES_ERROR;
				CLANG_WARN_UNREACHABLE_CODE = YES;
				CLANG_WARN__DUPLICATE_METHOD_MATCH = YES;
				"CODE_SIGN_IDENTITY[sdk=iphoneos*]" = "iPhone Developer";
				COPY_PHASE_STRIP = NO;
				DEBUG_INFORMATION_FORMAT = dwarf;
				ENABLE_STRICT_OBJC_MSGSEND = YES;
				ENABLE_TESTABILITY = YES;
				GCC_C_LANGUAGE_STANDARD = gnu99;
				GCC_DYNAMIC_NO_PIC = NO;
				GCC_NO_COMMON_BLOCKS = YES;
				GCC_OPTIMIZATION_LEVEL = 0;
				GCC_PREPROCESSOR_DEFINITIONS = (
					"DEBUG=1",
					"$(inherited)",
				);
				GCC_WARN_64_TO_32_BIT_CONVERSION = YES;
				GCC_WARN_ABOUT_RETURN_TYPE = YES_ERROR;
				GCC_WARN_UNDECLARED_SELECTOR = YES;
				GCC_WARN_UNINITIALIZED_AUTOS = YES_AGGRESSIVE;
				GCC_WARN_UNUSED_FUNCTION = YES;
				GCC_WARN_UNUSED_VARIABLE = YES;
				IPHONEOS_DEPLOYMENT_TARGET = 9.0;
				MTL_ENABLE_DEBUG_INFO = YES;
				ONLY_ACTIVE_ARCH = YES;
				SDKROOT = iphoneos;
				SWIFT_OPTIMIZATION_LEVEL = "-Onone";
				TARGETED_DEVICE_FAMILY = "1,2";
			};
			name = Debug;
		};
		24B8134B1BA0A67C00EAA152 /* Release */ = {
			isa = XCBuildConfiguration;
			buildSettings = {
				ALWAYS_SEARCH_USER_PATHS = NO;
				CLANG_CXX_LANGUAGE_STANDARD = "gnu++0x";
				CLANG_CXX_LIBRARY = "libc++";
				CLANG_ENABLE_MODULES = YES;
				CLANG_ENABLE_OBJC_ARC = YES;
				CLANG_WARN_BOOL_CONVERSION = YES;
				CLANG_WARN_CONSTANT_CONVERSION = YES;
				CLANG_WARN_DIRECT_OBJC_ISA_USAGE = YES_ERROR;
				CLANG_WARN_EMPTY_BODY = YES;
				CLANG_WARN_ENUM_CONVERSION = YES;
				CLANG_WARN_INT_CONVERSION = YES;
				CLANG_WARN_OBJC_ROOT_CLASS = YES_ERROR;
				CLANG_WARN_UNREACHABLE_CODE = YES;
				CLANG_WARN__DUPLICATE_METHOD_MATCH = YES;
				"CODE_SIGN_IDENTITY[sdk=iphoneos*]" = "iPhone Developer";
				COPY_PHASE_STRIP = NO;
				DEBUG_INFORMATION_FORMAT = "dwarf-with-dsym";
				ENABLE_NS_ASSERTIONS = NO;
				ENABLE_STRICT_OBJC_MSGSEND = YES;
				GCC_C_LANGUAGE_STANDARD = gnu99;
				GCC_NO_COMMON_BLOCKS = YES;
				GCC_WARN_64_TO_32_BIT_CONVERSION = YES;
				GCC_WARN_ABOUT_RETURN_TYPE = YES_ERROR;
				GCC_WARN_UNDECLARED_SELECTOR = YES;
				GCC_WARN_UNINITIALIZED_AUTOS = YES_AGGRESSIVE;
				GCC_WARN_UNUSED_FUNCTION = YES;
				GCC_WARN_UNUSED_VARIABLE = YES;
				IPHONEOS_DEPLOYMENT_TARGET = 9.0;
				MTL_ENABLE_DEBUG_INFO = NO;
				SDKROOT = iphoneos;
				TARGETED_DEVICE_FAMILY = "1,2";
				VALIDATE_PRODUCT = YES;
			};
			name = Release;
		};
		24B8134D1BA0A67C00EAA152 /* Debug */ = {
			isa = XCBuildConfiguration;
			buildSettings = {
				ASSETCATALOG_COMPILER_APPICON_NAME = AppIcon;
				INFOPLIST_FILE = EngineKitCreator/Info.plist;
				LD_RUNPATH_SEARCH_PATHS = "$(inherited) @executable_path/Frameworks";
				PRODUCT_BUNDLE_IDENTIFIER = com.PeropusEst.EngineKitCreator;
				PRODUCT_NAME = "$(TARGET_NAME)";
			};
			name = Debug;
		};
		24B8134E1BA0A67C00EAA152 /* Release */ = {
			isa = XCBuildConfiguration;
			buildSettings = {
				ASSETCATALOG_COMPILER_APPICON_NAME = AppIcon;
				INFOPLIST_FILE = EngineKitCreator/Info.plist;
				LD_RUNPATH_SEARCH_PATHS = "$(inherited) @executable_path/Frameworks";
				PRODUCT_BUNDLE_IDENTIFIER = com.PeropusEst.EngineKitCreator;
				PRODUCT_NAME = "$(TARGET_NAME)";
			};
			name = Release;
		};
		24B813501BA0A67C00EAA152 /* Debug */ = {
			isa = XCBuildConfiguration;
			buildSettings = {
				BUNDLE_LOADER = "$(TEST_HOST)";
				INFOPLIST_FILE = EngineKitCreatorTests/Info.plist;
				LD_RUNPATH_SEARCH_PATHS = "$(inherited) @executable_path/Frameworks @loader_path/Frameworks";
				PRODUCT_BUNDLE_IDENTIFIER = com.PeropusEst.EngineKitCreatorTests;
				PRODUCT_NAME = "$(TARGET_NAME)";
				TEST_HOST = "$(BUILT_PRODUCTS_DIR)/EngineKitCreator.app/EngineKitCreator";
			};
			name = Debug;
		};
		24B813511BA0A67C00EAA152 /* Release */ = {
			isa = XCBuildConfiguration;
			buildSettings = {
				BUNDLE_LOADER = "$(TEST_HOST)";
				INFOPLIST_FILE = EngineKitCreatorTests/Info.plist;
				LD_RUNPATH_SEARCH_PATHS = "$(inherited) @executable_path/Frameworks @loader_path/Frameworks";
				PRODUCT_BUNDLE_IDENTIFIER = com.PeropusEst.EngineKitCreatorTests;
				PRODUCT_NAME = "$(TARGET_NAME)";
				TEST_HOST = "$(BUILT_PRODUCTS_DIR)/EngineKitCreator.app/EngineKitCreator";
			};
			name = Release;
		};
		24B813531BA0A67C00EAA152 /* Debug */ = {
			isa = XCBuildConfiguration;
			buildSettings = {
				INFOPLIST_FILE = EngineKitCreatorUITests/Info.plist;
				LD_RUNPATH_SEARCH_PATHS = "$(inherited) @executable_path/Frameworks @loader_path/Frameworks";
				PRODUCT_BUNDLE_IDENTIFIER = com.PeropusEst.EngineKitCreatorUITests;
				PRODUCT_NAME = "$(TARGET_NAME)";
				TEST_TARGET_NAME = EngineKitCreator;
				USES_XCTRUNNER = YES;
			};
			name = Debug;
		};
		24B813541BA0A67C00EAA152 /* Release */ = {
			isa = XCBuildConfiguration;
			buildSettings = {
				INFOPLIST_FILE = EngineKitCreatorUITests/Info.plist;
				LD_RUNPATH_SEARCH_PATHS = "$(inherited) @executable_path/Frameworks @loader_path/Frameworks";
				PRODUCT_BUNDLE_IDENTIFIER = com.PeropusEst.EngineKitCreatorUITests;
				PRODUCT_NAME = "$(TARGET_NAME)";
				TEST_TARGET_NAME = EngineKitCreator;
				USES_XCTRUNNER = YES;
			};
			name = Release;
		};
/* End XCBuildConfiguration section */

/* Begin XCConfigurationList section */
		24B8131F1BA0A67C00EAA152 /* Build configuration list for PBXProject "EngineKitCreator" */ = {
			isa = XCConfigurationList;
			buildConfigurations = (
				24B8134A1BA0A67C00EAA152 /* Debug */,
				24B8134B1BA0A67C00EAA152 /* Release */,
			);
			defaultConfigurationIsVisible = 0;
			defaultConfigurationName = Release;
		};
		24B8134C1BA0A67C00EAA152 /* Build configuration list for PBXNativeTarget "EngineKitCreator" */ = {
			isa = XCConfigurationList;
			buildConfigurations = (
				24B8134D1BA0A67C00EAA152 /* Debug */,
				24B8134E1BA0A67C00EAA152 /* Release */,
			);
			defaultConfigurationIsVisible = 0;
			defaultConfigurationName = Release;
		};
		24B8134F1BA0A67C00EAA152 /* Build configuration list for PBXNativeTarget "EngineKitCreatorTests" */ = {
			isa = XCConfigurationList;
			buildConfigurations = (
				24B813501BA0A67C00EAA152 /* Debug */,
				24B813511BA0A67C00EAA152 /* Release */,
			);
			defaultConfigurationIsVisible = 0;
			defaultConfigurationName = Release;
		};
		24B813521BA0A67C00EAA152 /* Build configuration list for PBXNativeTarget "EngineKitCreatorUITests" */ = {
			isa = XCConfigurationList;
			buildConfigurations = (
				24B813531BA0A67C00EAA152 /* Debug */,
				24B813541BA0A67C00EAA152 /* Release */,
			);
			defaultConfigurationIsVisible = 0;
			defaultConfigurationName = Release;
		};
/* End XCConfigurationList section */
	};
	rootObject = 24B8131C1BA0A67C00EAA152 /* Project object */;
}
